
Microsoft Visual Studio Solution File, Format Version 12.00
# Visual Studio Version 17
VisualStudioVersion = 17.9.34728.123
MinimumVisualStudioVersion = 10.0.40219.1
Project("{FAE04EC0-301F-11D3-BF4B-00C04F79EFBC}") = "WebBlog.Server", "WebBlog.Server\WebBlog.Server.csproj", "{79B6990B-2F8C-47EA-9CEE-4901BEDB9876}"
EndProject
Project("{54A90642-561A-4BB1-A94E-469ADEE60C69}") = "webblog.client", "webblog.client\webblog.client.esproj", "{CC36B137-5A59-4E22-B9D2-1D3C6031A22B}"
EndProject
Global
	GlobalSection(SolutionConfigurationPlatforms) = preSolution
		Debug|Any CPU = Debug|Any CPU
		Release|Any CPU = Release|Any CPU
	EndGlobalSection
	GlobalSection(ProjectConfigurationPlatforms) = postSolution
		{79B6990B-2F8C-47EA-9CEE-4901BEDB9876}.Debug|Any CPU.ActiveCfg = Debug|Any CPU
		{79B6990B-2F8C-47EA-9CEE-4901BEDB9876}.Debug|Any CPU.Build.0 = Debug|Any CPU
		{79B6990B-2F8C-47EA-9CEE-4901BEDB9876}.Release|Any CPU.ActiveCfg = Release|Any CPU
		{79B6990B-2F8C-47EA-9CEE-4901BEDB9876}.Release|Any CPU.Build.0 = Release|Any CPU
		{CC36B137-5A59-4E22-B9D2-1D3C6031A22B}.Debug|Any CPU.ActiveCfg = Debug|Any CPU
		{CC36B137-5A59-4E22-B9D2-1D3C6031A22B}.Debug|Any CPU.Build.0 = Debug|Any CPU
		{CC36B137-5A59-4E22-B9D2-1D3C6031A22B}.Debug|Any CPU.Deploy.0 = Debug|Any CPU
		{CC36B137-5A59-4E22-B9D2-1D3C6031A22B}.Release|Any CPU.ActiveCfg = Release|Any CPU
		{CC36B137-5A59-4E22-B9D2-1D3C6031A22B}.Release|Any CPU.Build.0 = Release|Any CPU
		{CC36B137-5A59-4E22-B9D2-1D3C6031A22B}.Release|Any CPU.Deploy.0 = Release|Any CPU
	EndGlobalSection
	GlobalSection(SolutionProperties) = preSolution
		HideSolutionNode = FALSE
	EndGlobalSection
	GlobalSection(ExtensibilityGlobals) = postSolution
		SolutionGuid = {3F4D9D7C-14E4-469B-A94B-15F1E68AE8D1}
	EndGlobalSection
EndGlobal
